
Microsoft Visual Studio Solution File, Format Version 12.00
# Visual Studio 15
VisualStudioVersion = 15.0.26730.16
MinimumVisualStudioVersion = 10.0.40219.1
Project("{2150E333-8FDC-42A3-9474-1A3956D46DE8}") = "src", "src", "{900B7B61-41A1-4393-BD71-50DBCF252292}"
EndProject
Project("{2150E333-8FDC-42A3-9474-1A3956D46DE8}") = "Solution Items", "Solution Items", "{A5140CA1-DEC9-4CA9-8DC4-9FAA53A3EBBA}"
	ProjectSection(SolutionItems) = preProject
		README.md = README.md
	EndProjectSection
EndProject
Project("{9A19103F-16F7-4668-BE54-9A1E7A4F7556}") = "Oocx.Acme", "src\Oocx.Acme\Oocx.Acme.csproj", "{67929D7F-CCEE-4EB9-AF9B-7266844DB0F9}"
EndProject
Project("{9A19103F-16F7-4668-BE54-9A1E7A4F7556}") = "Oocx.Acme.Tests", "src\Oocx.Acme.Tests\Oocx.Acme.Tests.csproj", "{650A5A85-5956-491E-9312-5E25A27D1108}"
EndProject
Project("{9A19103F-16F7-4668-BE54-9A1E7A4F7556}") = "Oocx.Acme.Console", "src\Oocx.Acme.Console\Oocx.Acme.Console.csproj", "{17A6D94F-D402-46E2-9096-E19DF980B2ED}"
EndProject
Project("{9A19103F-16F7-4668-BE54-9A1E7A4F7556}") = "Oocx.Acme.IIS", "src\Oocx.Acme.IIS\Oocx.Acme.IIS.csproj", "{CC1C7776-20EC-41A1-AD04-E7E19319B1A9}"
EndProject
Project("{9A19103F-16F7-4668-BE54-9A1E7A4F7556}") = "Oocx.Acme.IIS.Tests", "src\Oocx.Acme.IIS.Tests\Oocx.Acme.IIS.Tests.csproj", "{B92E0CD0-C1BD-4108-ACA0-9F6989C3522B}"
EndProject
Project("{2150E333-8FDC-42A3-9474-1A3956D46DE8}") = "Tests", "Tests", "{2A8EF47A-18C4-4A5A-A447-87ADBF1ACE96}"
EndProject
Project("{9A19103F-16F7-4668-BE54-9A1E7A4F7556}") = "Oocx.Pkcs.Tests", "src\Oocx.Pkcs.Tests\Oocx.Pkcs.Tests.csproj", "{5B29D3DD-C980-4A71-AF38-C633C5D22E65}"
EndProject
Global
	GlobalSection(SolutionConfigurationPlatforms) = preSolution
		Debug|Any CPU = Debug|Any CPU
		Release|Any CPU = Release|Any CPU
	EndGlobalSection
	GlobalSection(ProjectConfigurationPlatforms) = postSolution
		{67929D7F-CCEE-4EB9-AF9B-7266844DB0F9}.Debug|Any CPU.ActiveCfg = Debug|Any CPU
		{67929D7F-CCEE-4EB9-AF9B-7266844DB0F9}.Debug|Any CPU.Build.0 = Debug|Any CPU
		{67929D7F-CCEE-4EB9-AF9B-7266844DB0F9}.Release|Any CPU.ActiveCfg = Release|Any CPU
		{67929D7F-CCEE-4EB9-AF9B-7266844DB0F9}.Release|Any CPU.Build.0 = Release|Any CPU
		{650A5A85-5956-491E-9312-5E25A27D1108}.Debug|Any CPU.ActiveCfg = Debug|Any CPU
		{650A5A85-5956-491E-9312-5E25A27D1108}.Debug|Any CPU.Build.0 = Debug|Any CPU
		{650A5A85-5956-491E-9312-5E25A27D1108}.Release|Any CPU.ActiveCfg = Release|Any CPU
		{650A5A85-5956-491E-9312-5E25A27D1108}.Release|Any CPU.Build.0 = Release|Any CPU
		{17A6D94F-D402-46E2-9096-E19DF980B2ED}.Debug|Any CPU.ActiveCfg = Debug|Any CPU
		{17A6D94F-D402-46E2-9096-E19DF980B2ED}.Debug|Any CPU.Build.0 = Debug|Any CPU
		{17A6D94F-D402-46E2-9096-E19DF980B2ED}.Release|Any CPU.ActiveCfg = Release|Any CPU
		{17A6D94F-D402-46E2-9096-E19DF980B2ED}.Release|Any CPU.Build.0 = Release|Any CPU
		{CC1C7776-20EC-41A1-AD04-E7E19319B1A9}.Debug|Any CPU.ActiveCfg = Debug|Any CPU
		{CC1C7776-20EC-41A1-AD04-E7E19319B1A9}.Debug|Any CPU.Build.0 = Debug|Any CPU
		{CC1C7776-20EC-41A1-AD04-E7E19319B1A9}.Release|Any CPU.ActiveCfg = Release|Any CPU
		{CC1C7776-20EC-41A1-AD04-E7E19319B1A9}.Release|Any CPU.Build.0 = Release|Any CPU
		{B92E0CD0-C1BD-4108-ACA0-9F6989C3522B}.Debug|Any CPU.ActiveCfg = Debug|Any CPU
		{B92E0CD0-C1BD-4108-ACA0-9F6989C3522B}.Debug|Any CPU.Build.0 = Debug|Any CPU
		{B92E0CD0-C1BD-4108-ACA0-9F6989C3522B}.Release|Any CPU.ActiveCfg = Release|Any CPU
		{B92E0CD0-C1BD-4108-ACA0-9F6989C3522B}.Release|Any CPU.Build.0 = Release|Any CPU
		{5B29D3DD-C980-4A71-AF38-C633C5D22E65}.Debug|Any CPU.ActiveCfg = Debug|Any CPU
		{5B29D3DD-C980-4A71-AF38-C633C5D22E65}.Debug|Any CPU.Build.0 = Debug|Any CPU
		{5B29D3DD-C980-4A71-AF38-C633C5D22E65}.Release|Any CPU.ActiveCfg = Release|Any CPU
		{5B29D3DD-C980-4A71-AF38-C633C5D22E65}.Release|Any CPU.Build.0 = Release|Any CPU
	EndGlobalSection
	GlobalSection(SolutionProperties) = preSolution
		HideSolutionNode = FALSE
	EndGlobalSection
	GlobalSection(NestedProjects) = preSolution
		{67929D7F-CCEE-4EB9-AF9B-7266844DB0F9} = {900B7B61-41A1-4393-BD71-50DBCF252292}
		{650A5A85-5956-491E-9312-5E25A27D1108} = {2A8EF47A-18C4-4A5A-A447-87ADBF1ACE96}
		{17A6D94F-D402-46E2-9096-E19DF980B2ED} = {900B7B61-41A1-4393-BD71-50DBCF252292}
		{CC1C7776-20EC-41A1-AD04-E7E19319B1A9} = {900B7B61-41A1-4393-BD71-50DBCF252292}
		{B92E0CD0-C1BD-4108-ACA0-9F6989C3522B} = {2A8EF47A-18C4-4A5A-A447-87ADBF1ACE96}
		{5B29D3DD-C980-4A71-AF38-C633C5D22E65} = {2A8EF47A-18C4-4A5A-A447-87ADBF1ACE96}
	EndGlobalSection
	GlobalSection(ExtensibilityGlobals) = postSolution
		SolutionGuid = {3D165F0C-D96C-4F32-A689-8CBC8DEA280A}
	EndGlobalSection
EndGlobal
